{
  "name": "game_song_life",
  "lockfileVersion": 3,
  "requires": true,
  "packages": {
    "": {
      "dependencies": {
        "superpower": "^0.0.2"
      }
    },
    "node_modules/superpower": {
      "version": "0.0.2",
      "resolved": "https://registry.npmmirror.com/superpower/-/superpower-0.0.2.tgz",
      "integrity": "sha512-zQXQJ7pC+klbGv8sa6/d7jRuMKUh+U0LsNWNb0E7hyOJq65BYP7lqKKFJTY777kOvvnTcc0owPEHPrfLYHDIgg==",
      "license": "ISC"
    }
  }
}
